// !$*UTF8*$!
{
	archiveVersion = 1;
	classes = {
	};
	objectVersion = 46;
	objects = {

/* Begin PBXBuildFile section */
		071296391EC5F79F006A18F8 /* AppDelegate.swift in Sources */ = {isa = PBXBuildFile; fileRef = 071296381EC5F79F006A18F8 /* AppDelegate.swift */; };
		0712963E1EC5F79F006A18F8 /* Main.storyboard in Resources */ = {isa = PBXBuildFile; fileRef = 0712963C1EC5F79F006A18F8 /* Main.storyboard */; };
		071296401EC5F79F006A18F8 /* Assets.xcassets in Resources */ = {isa = PBXBuildFile; fileRef = 0712963F1EC5F79F006A18F8 /* Assets.xcassets */; };
		071296431EC5F79F006A18F8 /* LaunchScreen.storyboard in Resources */ = {isa = PBXBuildFile; fileRef = 071296411EC5F79F006A18F8 /* LaunchScreen.storyboard */; };
		0712964E1EC5F79F006A18F8 /* Activio_AppTests.swift in Sources */ = {isa = PBXBuildFile; fileRef = 0712964D1EC5F79F006A18F8 /* Activio_AppTests.swift */; };
		071296591EC5F79F006A18F8 /* Activio_AppUITests.swift in Sources */ = {isa = PBXBuildFile; fileRef = 071296581EC5F79F006A18F8 /* Activio_AppUITests.swift */; };
		0712966A1EC5FDBE006A18F8 /* LoginViewController.swift in Sources */ = {isa = PBXBuildFile; fileRef = 071296691EC5FDBE006A18F8 /* LoginViewController.swift */; };
		0712966C1EC60BA2006A18F8 /* SelectTeamViewController.swift in Sources */ = {isa = PBXBuildFile; fileRef = 0712966B1EC60BA2006A18F8 /* SelectTeamViewController.swift */; };
		0712966E1EC60CF8006A18F8 /* DropMenuButton.swift in Sources */ = {isa = PBXBuildFile; fileRef = 0712966D1EC60CF8006A18F8 /* DropMenuButton.swift */; };
		071296741EC614CA006A18F8 /* TraningPlayerTableViewCell.swift in Sources */ = {isa = PBXBuildFile; fileRef = 071296731EC614CA006A18F8 /* TraningPlayerTableViewCell.swift */; };
		071296761EC615C8006A18F8 /* TrainingViewController.swift in Sources */ = {isa = PBXBuildFile; fileRef = 071296751EC615C8006A18F8 /* TrainingViewController.swift */; };
		071296781EC61CCD006A18F8 /* StopTrainingTableViewCell.swift in Sources */ = {isa = PBXBuildFile; fileRef = 071296771EC61CCD006A18F8 /* StopTrainingTableViewCell.swift */; };
		0712967A1EC61D50006A18F8 /* StopTrainingViewController.swift in Sources */ = {isa = PBXBuildFile; fileRef = 071296791EC61D50006A18F8 /* StopTrainingViewController.swift */; };
		07483D4F1EDC7022000FE16A /* BluetothViewController.swift in Sources */ = {isa = PBXBuildFile; fileRef = 07483D4E1EDC7022000FE16A /* BluetothViewController.swift */; };
		075548231EDD8708001587F6 /* IntentHandler.swift in Sources */ = {isa = PBXBuildFile; fileRef = 075548221EDD8708001587F6 /* IntentHandler.swift */; };
		075548291EDDA005001587F6 /* SQLDataIO.swift in Sources */ = {isa = PBXBuildFile; fileRef = 075548281EDDA005001587F6 /* SQLDataIO.swift */; };
		0755482B1EDDA048001587F6 /* SQLViewController.swift in Sources */ = {isa = PBXBuildFile; fileRef = 0755482A1EDDA048001587F6 /* SQLViewController.swift */; };
		079718061ECC54D8006AF669 /* Players.swift in Sources */ = {isa = PBXBuildFile; fileRef = 079718051ECC54D8006AF669 /* Players.swift */; };
		079A385B1EC99DBD008641BC /* libsqlite3.tbd in Frameworks */ = {isa = PBXBuildFile; fileRef = 079A385A1EC99DBD008641BC /* libsqlite3.tbd */; };
		079A38681EC9DDEE008641BC /* AddToDatabaseViewController.swift in Sources */ = {isa = PBXBuildFile; fileRef = 079A38671EC9DDEE008641BC /* AddToDatabaseViewController.swift */; };
/* End PBXBuildFile section */

/* Begin PBXContainerItemProxy section */
		0712964A1EC5F79F006A18F8 /* PBXContainerItemProxy */ = {
			isa = PBXContainerItemProxy;
			containerPortal = 0712962D1EC5F79F006A18F8 /* Project object */;
			proxyType = 1;
			remoteGlobalIDString = 071296341EC5F79F006A18F8;
			remoteInfo = "Activio App";
		};
		071296551EC5F79F006A18F8 /* PBXContainerItemProxy */ = {
			isa = PBXContainerItemProxy;
			containerPortal = 0712962D1EC5F79F006A18F8 /* Project object */;
			proxyType = 1;
			remoteGlobalIDString = 071296341EC5F79F006A18F8;
			remoteInfo = "Activio App";
		};
/* End PBXContainerItemProxy section */

/* Begin PBXFileReference section */
		071296351EC5F79F006A18F8 /* Activio App.app */ = {isa = PBXFileReference; explicitFileType = wrapper.application; includeInIndex = 0; path = "Activio App.app"; sourceTree = BUILT_PRODUCTS_DIR; };
		071296381EC5F79F006A18F8 /* AppDelegate.swift */ = {isa = PBXFileReference; lastKnownFileType = sourcecode.swift; path = AppDelegate.swift; sourceTree = "<group>"; };
		0712963D1EC5F79F006A18F8 /* Base */ = {isa = PBXFileReference; lastKnownFileType = file.storyboard; name = Base; path = Base.lproj/Main.storyboard; sourceTree = "<group>"; };
		0712963F1EC5F79F006A18F8 /* Assets.xcassets */ = {isa = PBXFileReference; lastKnownFileType = folder.assetcatalog; path = Assets.xcassets; sourceTree = "<group>"; };
		071296421EC5F79F006A18F8 /* Base */ = {isa = PBXFileReference; lastKnownFileType = file.storyboard; name = Base; path = Base.lproj/LaunchScreen.storyboard; sourceTree = "<group>"; };
		071296441EC5F79F006A18F8 /* Info.plist */ = {isa = PBXFileReference; lastKnownFileType = text.plist.xml; path = Info.plist; sourceTree = "<group>"; };
		071296491EC5F79F006A18F8 /* Activio AppTests.xctest */ = {isa = PBXFileReference; explicitFileType = wrapper.cfbundle; includeInIndex = 0; path = "Activio AppTests.xctest"; sourceTree = BUILT_PRODUCTS_DIR; };
		0712964D1EC5F79F006A18F8 /* Activio_AppTests.swift */ = {isa = PBXFileReference; lastKnownFileType = sourcecode.swift; path = Activio_AppTests.swift; sourceTree = "<group>"; };
		0712964F1EC5F79F006A18F8 /* Info.plist */ = {isa = PBXFileReference; lastKnownFileType = text.plist.xml; path = Info.plist; sourceTree = "<group>"; };
		071296541EC5F79F006A18F8 /* Activio AppUITests.xctest */ = {isa = PBXFileReference; explicitFileType = wrapper.cfbundle; includeInIndex = 0; path = "Activio AppUITests.xctest"; sourceTree = BUILT_PRODUCTS_DIR; };
		071296581EC5F79F006A18F8 /* Activio_AppUITests.swift */ = {isa = PBXFileReference; lastKnownFileType = sourcecode.swift; path = Activio_AppUITests.swift; sourceTree = "<group>"; };
		0712965A1EC5F79F006A18F8 /* Info.plist */ = {isa = PBXFileReference; lastKnownFileType = text.plist.xml; path = Info.plist; sourceTree = "<group>"; };
		071296691EC5FDBE006A18F8 /* LoginViewController.swift */ = {isa = PBXFileReference; fileEncoding = 4; lastKnownFileType = sourcecode.swift; path = LoginViewController.swift; sourceTree = "<group>"; };
		0712966B1EC60BA2006A18F8 /* SelectTeamViewController.swift */ = {isa = PBXFileReference; fileEncoding = 4; lastKnownFileType = sourcecode.swift; path = SelectTeamViewController.swift; sourceTree = "<group>"; };
		0712966D1EC60CF8006A18F8 /* DropMenuButton.swift */ = {isa = PBXFileReference; fileEncoding = 4; lastKnownFileType = sourcecode.swift; path = DropMenuButton.swift; sourceTree = "<group>"; };
		071296731EC614CA006A18F8 /* TraningPlayerTableViewCell.swift */ = {isa = PBXFileReference; fileEncoding = 4; lastKnownFileType = sourcecode.swift; path = TraningPlayerTableViewCell.swift; sourceTree = "<group>"; };
		071296751EC615C8006A18F8 /* TrainingViewController.swift */ = {isa = PBXFileReference; fileEncoding = 4; lastKnownFileType = sourcecode.swift; path = TrainingViewController.swift; sourceTree = "<group>"; };
		071296771EC61CCD006A18F8 /* StopTrainingTableViewCell.swift */ = {isa = PBXFileReference; fileEncoding = 4; lastKnownFileType = sourcecode.swift; path = StopTrainingTableViewCell.swift; sourceTree = "<group>"; };
		071296791EC61D50006A18F8 /* StopTrainingViewController.swift */ = {isa = PBXFileReference; fileEncoding = 4; lastKnownFileType = sourcecode.swift; path = StopTrainingViewController.swift; sourceTree = "<group>"; };
		07483D4E1EDC7022000FE16A /* BluetothViewController.swift */ = {isa = PBXFileReference; fileEncoding = 4; lastKnownFileType = sourcecode.swift; path = BluetothViewController.swift; sourceTree = "<group>"; };
		075548201EDD8707001587F6 /* watch.appex */ = {isa = PBXFileReference; explicitFileType = "wrapper.app-extension"; includeInIndex = 0; path = watch.appex; sourceTree = BUILT_PRODUCTS_DIR; };
		075548221EDD8708001587F6 /* IntentHandler.swift */ = {isa = PBXFileReference; lastKnownFileType = sourcecode.swift; path = IntentHandler.swift; sourceTree = "<group>"; };
		075548241EDD8708001587F6 /* Info.plist */ = {isa = PBXFileReference; lastKnownFileType = text.plist.xml; path = Info.plist; sourceTree = "<group>"; };
		075548281EDDA005001587F6 /* SQLDataIO.swift */ = {isa = PBXFileReference; fileEncoding = 4; lastKnownFileType = sourcecode.swift; path = SQLDataIO.swift; sourceTree = "<group>"; };
		0755482A1EDDA048001587F6 /* SQLViewController.swift */ = {isa = PBXFileReference; fileEncoding = 4; lastKnownFileType = sourcecode.swift; path = SQLViewController.swift; sourceTree = "<group>"; };
		079718051ECC54D8006AF669 /* Players.swift */ = {isa = PBXFileReference; fileEncoding = 4; lastKnownFileType = sourcecode.swift; path = Players.swift; sourceTree = "<group>"; };
		079A38571EC998B0008641BC /* libsqlite3.0.tbd */ = {isa = PBXFileReference; lastKnownFileType = "sourcecode.text-based-dylib-definition"; name = libsqlite3.0.tbd; path = usr/lib/libsqlite3.0.tbd; sourceTree = SDKROOT; };
		079A38591EC99BB3008641BC /* BridgingHeader.h */ = {isa = PBXFileReference; lastKnownFileType = sourcecode.c.h; path = BridgingHeader.h; sourceTree = "<group>"; };
		079A385A1EC99DBD008641BC /* libsqlite3.tbd */ = {isa = PBXFileReference; lastKnownFileType = "sourcecode.text-based-dylib-definition"; name = libsqlite3.tbd; path = usr/lib/libsqlite3.tbd; sourceTree = SDKROOT; };
		079A38671EC9DDEE008641BC /* AddToDatabaseViewController.swift */ = {isa = PBXFileReference; fileEncoding = 4; lastKnownFileType = sourcecode.swift; path = AddToDatabaseViewController.swift; sourceTree = "<group>"; };
/* End PBXFileReference section */

/* Begin PBXFrameworksBuildPhase section */
		071296321EC5F79F006A18F8 /* Frameworks */ = {
			isa = PBXFrameworksBuildPhase;
			buildActionMask = 2147483647;
			files = (
				079A385B1EC99DBD008641BC /* libsqlite3.tbd in Frameworks */,
			);
			runOnlyForDeploymentPostprocessing = 0;
		};
		071296461EC5F79F006A18F8 /* Frameworks */ = {
			isa = PBXFrameworksBuildPhase;
			buildActionMask = 2147483647;
			files = (
			);
			runOnlyForDeploymentPostprocessing = 0;
		};
		071296511EC5F79F006A18F8 /* Frameworks */ = {
			isa = PBXFrameworksBuildPhase;
			buildActionMask = 2147483647;
			files = (
			);
			runOnlyForDeploymentPostprocessing = 0;
		};
		0755481D1EDD8707001587F6 /* Frameworks */ = {
			isa = PBXFrameworksBuildPhase;
			buildActionMask = 2147483647;
			files = (
			);
			runOnlyForDeploymentPostprocessing = 0;
		};
/* End PBXFrameworksBuildPhase section */

/* Begin PBXGroup section */
		0712962C1EC5F79F006A18F8 = {
			isa = PBXGroup;
			children = (
				0755482A1EDDA048001587F6 /* SQLViewController.swift */,
				075548281EDDA005001587F6 /* SQLDataIO.swift */,
				07483D4E1EDC7022000FE16A /* BluetothViewController.swift */,
				079718051ECC54D8006AF669 /* Players.swift */,
				079A38671EC9DDEE008641BC /* AddToDatabaseViewController.swift */,
				079A38591EC99BB3008641BC /* BridgingHeader.h */,
				071296371EC5F79F006A18F8 /* Activio App */,
				0712964C1EC5F79F006A18F8 /* Activio AppTests */,
				071296571EC5F79F006A18F8 /* Activio AppUITests */,
				075548211EDD8708001587F6 /* watch */,
				071296361EC5F79F006A18F8 /* Products */,
				079A38561EC998B0008641BC /* Frameworks */,
			);
			sourceTree = "<group>";
		};
		071296361EC5F79F006A18F8 /* Products */ = {
			isa = PBXGroup;
			children = (
				071296351EC5F79F006A18F8 /* Activio App.app */,
				071296491EC5F79F006A18F8 /* Activio AppTests.xctest */,
				071296541EC5F79F006A18F8 /* Activio AppUITests.xctest */,
				075548201EDD8707001587F6 /* watch.appex */,
			);
			name = Products;
			sourceTree = "<group>";
		};
		071296371EC5F79F006A18F8 /* Activio App */ = {
			isa = PBXGroup;
			children = (
				071296721EC614A9006A18F8 /* TableViewCell */,
				071296381EC5F79F006A18F8 /* AppDelegate.swift */,
				0712963C1EC5F79F006A18F8 /* Main.storyboard */,
				0712963F1EC5F79F006A18F8 /* Assets.xcassets */,
				071296411EC5F79F006A18F8 /* LaunchScreen.storyboard */,
				071296441EC5F79F006A18F8 /* Info.plist */,
				071296681EC5FA65006A18F8 /* ViewControllers */,
				0712966D1EC60CF8006A18F8 /* DropMenuButton.swift */,
			);
			path = "Activio App";
			sourceTree = "<group>";
		};
		0712964C1EC5F79F006A18F8 /* Activio AppTests */ = {
			isa = PBXGroup;
			children = (
				0712964D1EC5F79F006A18F8 /* Activio_AppTests.swift */,
				0712964F1EC5F79F006A18F8 /* Info.plist */,
			);
			path = "Activio AppTests";
			sourceTree = "<group>";
		};
		071296571EC5F79F006A18F8 /* Activio AppUITests */ = {
			isa = PBXGroup;
			children = (
				071296581EC5F79F006A18F8 /* Activio_AppUITests.swift */,
				0712965A1EC5F79F006A18F8 /* Info.plist */,
			);
			path = "Activio AppUITests";
			sourceTree = "<group>";
		};
		071296681EC5FA65006A18F8 /* ViewControllers */ = {
			isa = PBXGroup;
			children = (
				071296691EC5FDBE006A18F8 /* LoginViewController.swift */,
				0712966B1EC60BA2006A18F8 /* SelectTeamViewController.swift */,
				071296751EC615C8006A18F8 /* TrainingViewController.swift */,
				071296791EC61D50006A18F8 /* StopTrainingViewController.swift */,
			);
			name = ViewControllers;
			sourceTree = "<group>";
		};
		071296721EC614A9006A18F8 /* TableViewCell */ = {
			isa = PBXGroup;
			children = (
				071296731EC614CA006A18F8 /* TraningPlayerTableViewCell.swift */,
				071296771EC61CCD006A18F8 /* StopTrainingTableViewCell.swift */,
			);
			name = TableViewCell;
			sourceTree = "<group>";
		};
		075548211EDD8708001587F6 /* watch */ = {
			isa = PBXGroup;
			children = (
				075548221EDD8708001587F6 /* IntentHandler.swift */,
				075548241EDD8708001587F6 /* Info.plist */,
			);
			path = watch;
			sourceTree = "<group>";
		};
		079A38561EC998B0008641BC /* Frameworks */ = {
			isa = PBXGroup;
			children = (
				079A385A1EC99DBD008641BC /* libsqlite3.tbd */,
				079A38571EC998B0008641BC /* libsqlite3.0.tbd */,
			);
			name = Frameworks;
			sourceTree = "<group>";
		};
/* End PBXGroup section */

/* Begin PBXNativeTarget section */
		071296341EC5F79F006A18F8 /* Activio App */ = {
			isa = PBXNativeTarget;
			buildConfigurationList = 0712965D1EC5F79F006A18F8 /* Build configuration list for PBXNativeTarget "Activio App" */;
			buildPhases = (
				071296311EC5F79F006A18F8 /* Sources */,
				071296321EC5F79F006A18F8 /* Frameworks */,
				071296331EC5F79F006A18F8 /* Resources */,
			);
			buildRules = (
			);
			dependencies = (
			);
			name = "Activio App";
			productName = "Activio App";
			productReference = 071296351EC5F79F006A18F8 /* Activio App.app */;
			productType = "com.apple.product-type.application";
		};
		071296481EC5F79F006A18F8 /* Activio AppTests */ = {
			isa = PBXNativeTarget;
			buildConfigurationList = 071296601EC5F79F006A18F8 /* Build configuration list for PBXNativeTarget "Activio AppTests" */;
			buildPhases = (
				071296451EC5F79F006A18F8 /* Sources */,
				071296461EC5F79F006A18F8 /* Frameworks */,
				071296471EC5F79F006A18F8 /* Resources */,
			);
			buildRules = (
			);
			dependencies = (
				0712964B1EC5F79F006A18F8 /* PBXTargetDependency */,
			);
			name = "Activio AppTests";
			productName = "Activio AppTests";
			productReference = 071296491EC5F79F006A18F8 /* Activio AppTests.xctest */;
			productType = "com.apple.product-type.bundle.unit-test";
		};
		071296531EC5F79F006A18F8 /* Activio AppUITests */ = {
			isa = PBXNativeTarget;
			buildConfigurationList = 071296631EC5F79F006A18F8 /* Build configuration list for PBXNativeTarget "Activio AppUITests" */;
			buildPhases = (
				071296501EC5F79F006A18F8 /* Sources */,
				071296511EC5F79F006A18F8 /* Frameworks */,
				071296521EC5F79F006A18F8 /* Resources */,
			);
			buildRules = (
			);
			dependencies = (
				071296561EC5F79F006A18F8 /* PBXTargetDependency */,
			);
			name = "Activio AppUITests";
			productName = "Activio AppUITests";
			productReference = 071296541EC5F79F006A18F8 /* Activio AppUITests.xctest */;
			productType = "com.apple.product-type.bundle.ui-testing";
		};
		0755481F1EDD8707001587F6 /* watch */ = {
			isa = PBXNativeTarget;
			buildConfigurationList = 075548271EDD8708001587F6 /* Build configuration list for PBXNativeTarget "watch" */;
			buildPhases = (
				0755481C1EDD8707001587F6 /* Sources */,
				0755481D1EDD8707001587F6 /* Frameworks */,
				0755481E1EDD8707001587F6 /* Resources */,
			);
			buildRules = (
			);
			dependencies = (
			);
			name = watch;
			productName = watch;
			productReference = 075548201EDD8707001587F6 /* watch.appex */;
			productType = "com.apple.product-type.app-extension.intents-service";
		};
/* End PBXNativeTarget section */

/* Begin PBXProject section */
		0712962D1EC5F79F006A18F8 /* Project object */ = {
			isa = PBXProject;
			attributes = {
				LastSwiftUpdateCheck = 0830;
				LastUpgradeCheck = 0830;
				ORGANIZATIONNAME = "Milos Stosic";
				TargetAttributes = {
					071296341EC5F79F006A18F8 = {
						CreatedOnToolsVersion = 8.3.1;
						DevelopmentTeam = CE8AYP9GM3;
						ProvisioningStyle = Manual;
					};
					071296481EC5F79F006A18F8 = {
						CreatedOnToolsVersion = 8.3.1;
						ProvisioningStyle = Automatic;
						TestTargetID = 071296341EC5F79F006A18F8;
					};
					071296531EC5F79F006A18F8 = {
						CreatedOnToolsVersion = 8.3.1;
						ProvisioningStyle = Automatic;
						TestTargetID = 071296341EC5F79F006A18F8;
					};
					0755481F1EDD8707001587F6 = {
						CreatedOnToolsVersion = 8.3.1;
						DevelopmentTeam = CE8AYP9GM3;
						ProvisioningStyle = Manual;
					};
				};
			};
			buildConfigurationList = 071296301EC5F79F006A18F8 /* Build configuration list for PBXProject "Activio App" */;
			compatibilityVersion = "Xcode 3.2";
			developmentRegion = English;
			hasScannedForEncodings = 0;
			knownRegions = (
				en,
				Base,
			);
			mainGroup = 0712962C1EC5F79F006A18F8;
			productRefGroup = 071296361EC5F79F006A18F8 /* Products */;
			projectDirPath = "";
			projectRoot = "";
			targets = (
				071296341EC5F79F006A18F8 /* Activio App */,
				071296481EC5F79F006A18F8 /* Activio AppTests */,
				071296531EC5F79F006A18F8 /* Activio AppUITests */,
				0755481F1EDD8707001587F6 /* watch */,
			);
		};
/* End PBXProject section */

/* Begin PBXResourcesBuildPhase section */
		071296331EC5F79F006A18F8 /* Resources */ = {
			isa = PBXResourcesBuildPhase;
			buildActionMask = 2147483647;
			files = (
				071296431EC5F79F006A18F8 /* LaunchScreen.storyboard in Resources */,
				071296401EC5F79F006A18F8 /* Assets.xcassets in Resources */,
				0712963E1EC5F79F006A18F8 /* Main.storyboard in Resources */,
			);
			runOnlyForDeploymentPostprocessing = 0;
		};
		071296471EC5F79F006A18F8 /* Resources */ = {
			isa = PBXResourcesBuildPhase;
			buildActionMask = 2147483647;
			files = (
			);
			runOnlyForDeploymentPostprocessing = 0;
		};
		071296521EC5F79F006A18F8 /* Resources */ = {
			isa = PBXResourcesBuildPhase;
			buildActionMask = 2147483647;
			files = (
			);
			runOnlyForDeploymentPostprocessing = 0;
		};
		0755481E1EDD8707001587F6 /* Resources */ = {
			isa = PBXResourcesBuildPhase;
			buildActionMask = 2147483647;
			files = (
			);
			runOnlyForDeploymentPostprocessing = 0;
		};
/* End PBXResourcesBuildPhase section */

/* Begin PBXSourcesBuildPhase section */
		071296311EC5F79F006A18F8 /* Sources */ = {
			isa = PBXSourcesBuildPhase;
			buildActionMask = 2147483647;
			files = (
				079718061ECC54D8006AF669 /* Players.swift in Sources */,
				0712967A1EC61D50006A18F8 /* StopTrainingViewController.swift in Sources */,
				071296761EC615C8006A18F8 /* TrainingViewController.swift in Sources */,
				0712966C1EC60BA2006A18F8 /* SelectTeamViewController.swift in Sources */,
				07483D4F1EDC7022000FE16A /* BluetothViewController.swift in Sources */,
				0712966E1EC60CF8006A18F8 /* DropMenuButton.swift in Sources */,
				0755482B1EDDA048001587F6 /* SQLViewController.swift in Sources */,
				0712966A1EC5FDBE006A18F8 /* LoginViewController.swift in Sources */,
				071296391EC5F79F006A18F8 /* AppDelegate.swift in Sources */,
				071296781EC61CCD006A18F8 /* StopTrainingTableViewCell.swift in Sources */,
				071296741EC614CA006A18F8 /* TraningPlayerTableViewCell.swift in Sources */,
				075548291EDDA005001587F6 /* SQLDataIO.swift in Sources */,
				079A38681EC9DDEE008641BC /* AddToDatabaseViewController.swift in Sources */,
			);
			runOnlyForDeploymentPostprocessing = 0;
		};
		071296451EC5F79F006A18F8 /* Sources */ = {
			isa = PBXSourcesBuildPhase;
			buildActionMask = 2147483647;
			files = (
				0712964E1EC5F79F006A18F8 /* Activio_AppTests.swift in Sources */,
			);
			runOnlyForDeploymentPostprocessing = 0;
		};
		071296501EC5F79F006A18F8 /* Sources */ = {
			isa = PBXSourcesBuildPhase;
			buildActionMask = 2147483647;
			files = (
				071296591EC5F79F006A18F8 /* Activio_AppUITests.swift in Sources */,
			);
			runOnlyForDeploymentPostprocessing = 0;
		};
		0755481C1EDD8707001587F6 /* Sources */ = {
			isa = PBXSourcesBuildPhase;
			buildActionMask = 2147483647;
			files = (
				075548231EDD8708001587F6 /* IntentHandler.swift in Sources */,
			);
			runOnlyForDeploymentPostprocessing = 0;
		};
/* End PBXSourcesBuildPhase section */

/* Begin PBXTargetDependency section */
		0712964B1EC5F79F006A18F8 /* PBXTargetDependency */ = {
			isa = PBXTargetDependency;
			target = 071296341EC5F79F006A18F8 /* Activio App */;
			targetProxy = 0712964A1EC5F79F006A18F8 /* PBXContainerItemProxy */;
		};
		071296561EC5F79F006A18F8 /* PBXTargetDependency */ = {
			isa = PBXTargetDependency;
			target = 071296341EC5F79F006A18F8 /* Activio App */;
			targetProxy = 071296551EC5F79F006A18F8 /* PBXContainerItemProxy */;
		};
/* End PBXTargetDependency section */

/* Begin PBXVariantGroup section */
		0712963C1EC5F79F006A18F8 /* Main.storyboard */ = {
			isa = PBXVariantGroup;
			children = (
				0712963D1EC5F79F006A18F8 /* Base */,
			);
			name = Main.storyboard;
			sourceTree = "<group>";
		};
		071296411EC5F79F006A18F8 /* LaunchScreen.storyboard */ = {
			isa = PBXVariantGroup;
			children = (
				071296421EC5F79F006A18F8 /* Base */,
			);
			name = LaunchScreen.storyboard;
			sourceTree = "<group>";
		};
/* End PBXVariantGroup section */

/* Begin XCBuildConfiguration section */
		0712965B1EC5F79F006A18F8 /* Debug */ = {
			isa = XCBuildConfiguration;
			buildSettings = {
				ALWAYS_SEARCH_USER_PATHS = NO;
				CLANG_ANALYZER_NONNULL = YES;
				CLANG_ANALYZER_NUMBER_OBJECT_CONVERSION = YES_AGGRESSIVE;
				CLANG_CXX_LANGUAGE_STANDARD = "gnu++0x";
				CLANG_CXX_LIBRARY = "libc++";
				CLANG_ENABLE_MODULES = YES;
				CLANG_ENABLE_OBJC_ARC = YES;
				CLANG_WARN_BOOL_CONVERSION = YES;
				CLANG_WARN_CONSTANT_CONVERSION = YES;
				CLANG_WARN_DIRECT_OBJC_ISA_USAGE = YES_ERROR;
				CLANG_WARN_DOCUMENTATION_COMMENTS = YES;
				CLANG_WARN_EMPTY_BODY = YES;
				CLANG_WARN_ENUM_CONVERSION = YES;
				CLANG_WARN_INFINITE_RECURSION = YES;
				CLANG_WARN_INT_CONVERSION = YES;
				CLANG_WARN_OBJC_ROOT_CLASS = YES_ERROR;
				CLANG_WARN_SUSPICIOUS_MOVE = YES;
				CLANG_WARN_UNREACHABLE_CODE = YES;
				CLANG_WARN__DUPLICATE_METHOD_MATCH = YES;
				"CODE_SIGN_IDENTITY[sdk=iphoneos*]" = "iPhone Developer";
				COPY_PHASE_STRIP = NO;
				DEBUG_INFORMATION_FORMAT = dwarf;
				ENABLE_STRICT_OBJC_MSGSEND = YES;
				ENABLE_TESTABILITY = YES;
				GCC_C_LANGUAGE_STANDARD = gnu99;
				GCC_DYNAMIC_NO_PIC = NO;
				GCC_NO_COMMON_BLOCKS = YES;
				GCC_OPTIMIZATION_LEVEL = 0;
				GCC_PREPROCESSOR_DEFINITIONS = (
					"DEBUG=1",
					"$(inherited)",
				);
				GCC_WARN_64_TO_32_BIT_CONVERSION = YES;
				GCC_WARN_ABOUT_RETURN_TYPE = YES_ERROR;
				GCC_WARN_UNDECLARED_SELECTOR = YES;
				GCC_WARN_UNINITIALIZED_AUTOS = YES_AGGRESSIVE;
				GCC_WARN_UNUSED_FUNCTION = YES;
				GCC_WARN_UNUSED_VARIABLE = YES;
				IPHONEOS_DEPLOYMENT_TARGET = 9.3;
				MTL_ENABLE_DEBUG_INFO = YES;
				ONLY_ACTIVE_ARCH = YES;
				SDKROOT = iphoneos;
				SWIFT_ACTIVE_COMPILATION_CONDITIONS = DEBUG;
				SWIFT_OPTIMIZATION_LEVEL = "-Onone";
				TARGETED_DEVICE_FAMILY = "1,2";
			};
			name = Debug;
		};
		0712965C1EC5F79F006A18F8 /* Release */ = {
			isa = XCBuildConfiguration;
			buildSettings = {
				ALWAYS_SEARCH_USER_PATHS = NO;
				CLANG_ANALYZER_NONNULL = YES;
				CLANG_ANALYZER_NUMBER_OBJECT_CONVERSION = YES_AGGRESSIVE;
				CLANG_CXX_LANGUAGE_STANDARD = "gnu++0x";
				CLANG_CXX_LIBRARY = "libc++";
				CLANG_ENABLE_MODULES = YES;
				CLANG_ENABLE_OBJC_ARC = YES;
				CLANG_WARN_BOOL_CONVERSION = YES;
				CLANG_WARN_CONSTANT_CONVERSION = YES;
				CLANG_WARN_DIRECT_OBJC_ISA_USAGE = YES_ERROR;
				CLANG_WARN_DOCUMENTATION_COMMENTS = YES;
				CLANG_WARN_EMPTY_BODY = YES;
				CLANG_WARN_ENUM_CONVERSION = YES;
				CLANG_WARN_INFINITE_RECURSION = YES;
				CLANG_WARN_INT_CONVERSION = YES;
				CLANG_WARN_OBJC_ROOT_CLASS = YES_ERROR;
				CLANG_WARN_SUSPICIOUS_MOVE = YES;
				CLANG_WARN_UNREACHABLE_CODE = YES;
				CLANG_WARN__DUPLICATE_METHOD_MATCH = YES;
				"CODE_SIGN_IDENTITY[sdk=iphoneos*]" = "iPhone Developer";
				COPY_PHASE_STRIP = NO;
				DEBUG_INFORMATION_FORMAT = "dwarf-with-dsym";
				ENABLE_NS_ASSERTIONS = NO;
				ENABLE_STRICT_OBJC_MSGSEND = YES;
				GCC_C_LANGUAGE_STANDARD = gnu99;
				GCC_NO_COMMON_BLOCKS = YES;
				GCC_WARN_64_TO_32_BIT_CONVERSION = YES;
				GCC_WARN_ABOUT_RETURN_TYPE = YES_ERROR;
				GCC_WARN_UNDECLARED_SELECTOR = YES;
				GCC_WARN_UNINITIALIZED_AUTOS = YES_AGGRESSIVE;
				GCC_WARN_UNUSED_FUNCTION = YES;
				GCC_WARN_UNUSED_VARIABLE = YES;
				IPHONEOS_DEPLOYMENT_TARGET = 9.3;
				MTL_ENABLE_DEBUG_INFO = NO;
				SDKROOT = iphoneos;
				SWIFT_OPTIMIZATION_LEVEL = "-Owholemodule";
				TARGETED_DEVICE_FAMILY = "1,2";
				VALIDATE_PRODUCT = YES;
			};
			name = Release;
		};
		0712965E1EC5F79F006A18F8 /* Debug */ = {
			isa = XCBuildConfiguration;
			buildSettings = {
				ASSETCATALOG_COMPILER_APPICON_NAME = AppIcon;
				DEVELOPMENT_TEAM = CE8AYP9GM3;
				INFOPLIST_FILE = "Activio App/Info.plist";
				IPHONEOS_DEPLOYMENT_TARGET = 8.4;
				LD_RUNPATH_SEARCH_PATHS = "$(inherited) @executable_path/Frameworks";
				PRODUCT_BUNDLE_IDENTIFIER = "com.gamecredits.Activio-App";
				PRODUCT_NAME = "$(TARGET_NAME)";
				PROVISIONING_PROFILE = "75aeba5e-11cb-4743-96d5-46a474148f2f";
				PROVISIONING_PROFILE_SPECIFIER = iOSDevelopment;
				SWIFT_OBJC_BRIDGING_HEADER = BridgingHeader.h;
				SWIFT_OBJC_INTERFACE_HEADER_NAME = BridgingHeader.h;
				SWIFT_VERSION = 3.0;
				TARGETED_DEVICE_FAMILY = "1,2";
			};
			name = Debug;
		};
		0712965F1EC5F79F006A18F8 /* Release */ = {
			isa = XCBuildConfiguration;
			buildSettings = {
				ASSETCATALOG_COMPILER_APPICON_NAME = AppIcon;
				DEVELOPMENT_TEAM = CE8AYP9GM3;
				INFOPLIST_FILE = "Activio App/Info.plist";
				IPHONEOS_DEPLOYMENT_TARGET = 8.4;
				LD_RUNPATH_SEARCH_PATHS = "$(inherited) @executable_path/Frameworks";
				PRODUCT_BUNDLE_IDENTIFIER = "com.gamecredits.Activio-App";
				PRODUCT_NAME = "$(TARGET_NAME)";
				PROVISIONING_PROFILE = "75aeba5e-11cb-4743-96d5-46a474148f2f";
				PROVISIONING_PROFILE_SPECIFIER = iOSDevelopment;
				SWIFT_OBJC_BRIDGING_HEADER = BridgingHeader.h;
				SWIFT_OBJC_INTERFACE_HEADER_NAME = BridgingHeader.h;
				SWIFT_VERSION = 3.0;
				TARGETED_DEVICE_FAMILY = "1,2";
			};
			name = Release;
		};
		071296611EC5F79F006A18F8 /* Debug */ = {
			isa = XCBuildConfiguration;
			buildSettings = {
				ALWAYS_EMBED_SWIFT_STANDARD_LIBRARIES = YES;
				BUNDLE_LOADER = "$(TEST_HOST)";
				INFOPLIST_FILE = "Activio AppTests/Info.plist";
				LD_RUNPATH_SEARCH_PATHS = "$(inherited) @executable_path/Frameworks @loader_path/Frameworks";
				PRODUCT_BUNDLE_IDENTIFIER = "com.gamecredits.Activio-AppTests";
				PRODUCT_NAME = "$(TARGET_NAME)";
				SWIFT_VERSION = 3.0;
				TEST_HOST = "$(BUILT_PRODUCTS_DIR)/Activio App.app/Activio App";
			};
			name = Debug;
		};
		071296621EC5F79F006A18F8 /* Release */ = {
			isa = XCBuildConfiguration;
			buildSettings = {
				ALWAYS_EMBED_SWIFT_STANDARD_LIBRARIES = YES;
				BUNDLE_LOADER = "$(TEST_HOST)";
				INFOPLIST_FILE = "Activio AppTests/Info.plist";
				LD_RUNPATH_SEARCH_PATHS = "$(inherited) @executable_path/Frameworks @loader_path/Frameworks";
				PRODUCT_BUNDLE_IDENTIFIER = "com.gamecredits.Activio-AppTests";
				PRODUCT_NAME = "$(TARGET_NAME)";
				SWIFT_VERSION = 3.0;
				TEST_HOST = "$(BUILT_PRODUCTS_DIR)/Activio App.app/Activio App";
			};
			name = Release;
		};
		071296641EC5F79F006A18F8 /* Debug */ = {
			isa = XCBuildConfiguration;
			buildSettings = {
				ALWAYS_EMBED_SWIFT_STANDARD_LIBRARIES = YES;
				INFOPLIST_FILE = "Activio AppUITests/Info.plist";
				LD_RUNPATH_SEARCH_PATHS = "$(inherited) @executable_path/Frameworks @loader_path/Frameworks";
				PRODUCT_BUNDLE_IDENTIFIER = "com.gamecredits.Activio-AppUITests";
				PRODUCT_NAME = "$(TARGET_NAME)";
				SWIFT_VERSION = 3.0;
				TEST_TARGET_NAME = "Activio App";
			};
			name = Debug;
		};
		071296651EC5F79F006A18F8 /* Release */ = {
			isa = XCBuildConfiguration;
			buildSettings = {
				ALWAYS_EMBED_SWIFT_STANDARD_LIBRARIES = YES;
				INFOPLIST_FILE = "Activio AppUITests/Info.plist";
				LD_RUNPATH_SEARCH_PATHS = "$(inherited) @executable_path/Frameworks @loader_path/Frameworks";
				PRODUCT_BUNDLE_IDENTIFIER = "com.gamecredits.Activio-AppUITests";
				PRODUCT_NAME = "$(TARGET_NAME)";
				SWIFT_VERSION = 3.0;
				TEST_TARGET_NAME = "Activio App";
			};
			name = Release;
		};
		075548251EDD8708001587F6 /* Debug */ = {
			isa = XCBuildConfiguration;
			buildSettings = {
				DEVELOPMENT_TEAM = CE8AYP9GM3;
				INFOPLIST_FILE = watch/Info.plist;
				LD_RUNPATH_SEARCH_PATHS = "$(inherited) @executable_path/Frameworks @executable_path/../../Frameworks @executable_path/../../../../Frameworks";
				PRODUCT_BUNDLE_IDENTIFIER = com.gamecredits.watch;
				PRODUCT_NAME = "$(TARGET_NAME)";
				PROVISIONING_PROFILE = "75aeba5e-11cb-4743-96d5-46a474148f2f";
				PROVISIONING_PROFILE_SPECIFIER = iOSDevelopment;
				SDKROOT = watchos;
				SKIP_INSTALL = YES;
				SWIFT_VERSION = 3.0;
				TARGETED_DEVICE_FAMILY = 4;
				WATCHOS_DEPLOYMENT_TARGET = 3.2;
			};
			name = Debug;
		};
		075548261EDD8708001587F6 /* Release */ = {
			isa = XCBuildConfiguration;
			buildSettings = {
				DEVELOPMENT_TEAM = CE8AYP9GM3;
				INFOPLIST_FILE = watch/Info.plist;
				LD_RUNPATH_SEARCH_PATHS = "$(inherited) @executable_path/Frameworks @executable_path/../../Frameworks @executable_path/../../../../Frameworks";
				PRODUCT_BUNDLE_IDENTIFIER = com.gamecredits.watch;
				PRODUCT_NAME = "$(TARGET_NAME)";
				PROVISIONING_PROFILE = "75aeba5e-11cb-4743-96d5-46a474148f2f";
				PROVISIONING_PROFILE_SPECIFIER = iOSDevelopment;
				SDKROOT = watchos;
				SKIP_INSTALL = YES;
				SWIFT_VERSION = 3.0;
				TARGETED_DEVICE_FAMILY = 4;
				WATCHOS_DEPLOYMENT_TARGET = 3.2;
			};
			name = Release;
		};
/* End XCBuildConfiguration section */

/* Begin XCConfigurationList section */
		071296301EC5F79F006A18F8 /* Build configuration list for PBXProject "Activio App" */ = {
			isa = XCConfigurationList;
			buildConfigurations = (
				0712965B1EC5F79F006A18F8 /* Debug */,
				0712965C1EC5F79F006A18F8 /* Release */,
			);
			defaultConfigurationIsVisible = 0;
			defaultConfigurationName = Release;
		};
		0712965D1EC5F79F006A18F8 /* Build configuration list for PBXNativeTarget "Activio App" */ = {
			isa = XCConfigurationList;
			buildConfigurations = (
				0712965E1EC5F79F006A18F8 /* Debug */,
				0712965F1EC5F79F006A18F8 /* Release */,
			);
			defaultConfigurationIsVisible = 0;
			defaultConfigurationName = Release;
		};
		071296601EC5F79F006A18F8 /* Build configuration list for PBXNativeTarget "Activio AppTests" */ = {
			isa = XCConfigurationList;
			buildConfigurations = (
				071296611EC5F79F006A18F8 /* Debug */,
				071296621EC5F79F006A18F8 /* Release */,
			);
			defaultConfigurationIsVisible = 0;
			defaultConfigurationName = Release;
		};
		071296631EC5F79F006A18F8 /* Build configuration list for PBXNativeTarget "Activio AppUITests" */ = {
			isa = XCConfigurationList;
			buildConfigurations = (
				071296641EC5F79F006A18F8 /* Debug */,
				071296651EC5F79F006A18F8 /* Release */,
			);
			defaultConfigurationIsVisible = 0;
			defaultConfigurationName = Release;
		};
		075548271EDD8708001587F6 /* Build configuration list for PBXNativeTarget "watch" */ = {
			isa = XCConfigurationList;
			buildConfigurations = (
				075548251EDD8708001587F6 /* Debug */,
				075548261EDD8708001587F6 /* Release */,
			);
			defaultConfigurationIsVisible = 0;
			defaultConfigurationName = Release;
		};
/* End XCConfigurationList section */
	};
	rootObject = 0712962D1EC5F79F006A18F8 /* Project object */;
}
